
Microsoft Visual Studio Solution File, Format Version 12.00
# Visual Studio Version 17
VisualStudioVersion = 17.9.34728.123
MinimumVisualStudioVersion = 10.0.40219.1
Project("{FAE04EC0-301F-11D3-BF4B-00C04F79EFBC}") = "regardtStudyGroup", "regardtStudyGroup\regardtStudyGroup.csproj", "{F1E28120-909D-4777-89E9-DA33E0A5CD0F}"
EndProject
Global
	GlobalSection(SolutionConfigurationPlatforms) = preSolution
		Debug|Any CPU = Debug|Any CPU
		Release|Any CPU = Release|Any CPU
	EndGlobalSection
	GlobalSection(ProjectConfigurationPlatforms) = postSolution
		{F1E28120-909D-4777-89E9-DA33E0A5CD0F}.Debug|Any CPU.ActiveCfg = Debug|Any CPU
		{F1E28120-909D-4777-89E9-DA33E0A5CD0F}.Debug|Any CPU.Build.0 = Debug|Any CPU
		{F1E28120-909D-4777-89E9-DA33E0A5CD0F}.Release|Any CPU.ActiveCfg = Release|Any CPU
		{F1E28120-909D-4777-89E9-DA33E0A5CD0F}.Release|Any CPU.Build.0 = Release|Any CPU
	EndGlobalSection
	GlobalSection(SolutionProperties) = preSolution
		HideSolutionNode = FALSE
	EndGlobalSection
	GlobalSection(ExtensibilityGlobals) = postSolution
		SolutionGuid = {BDB8C2F4-385D-4F9A-812D-ACB17201B68C}
	EndGlobalSection
EndGlobal
